
Microsoft Visual Studio Solution File, Format Version 12.00
# Visual Studio Version 16
VisualStudioVersion = 16.0.28803.452
MinimumVisualStudioVersion = 10.0.40219.1
Project("{8BC9CEB8-8B4A-11D0-8D11-00A0C91BC942}") = "Caleb09_Variables_Expressions_Statements", "Caleb09_Variables_Expressions_Statements\Caleb09_Variables_Expressions_Statements.vcxproj", "{AD38E486-B20F-4A0B-A904-F7B0EA9813A1}"
EndProject
Project("{8BC9CEB8-8B4A-11D0-8D11-00A0C91BC942}") = "Caleb03_HelloWorld", "Caleb03_HelloWorld\Caleb01_HelloWorld.vcxproj", "{48C32CFC-6F1D-4B22-A80C-6F98E6FD756F}"
EndProject
Project("{8BC9CEB8-8B4A-11D0-8D11-00A0C91BC942}") = "Caleb10_Printf", "Caleb10_Printf\Caleb10_Printf.vcxproj", "{1B2E6FD5-EDB1-4C75-A92B-E36E3DA74DF6}"
EndProject
Project("{8BC9CEB8-8B4A-11D0-8D11-00A0C91BC942}") = "Caleb11_TakingInputFromUser", "Caleb11_TakingInputFromUser\Caleb11_TakingInputFromUser.vcxproj", "{504BA065-97CF-4660-A03B-776EC5C78D4F}"
EndProject
Project("{8BC9CEB8-8B4A-11D0-8D11-00A0C91BC942}") = "Caleb12_ArithmeticExpressions", "Caleb12_ArithmeticExpressions\Caleb12_ArithmeticExpressions.vcxproj", "{42BF57F2-9323-4C46-AC07-5C2590751513}"
EndProject
Project("{8BC9CEB8-8B4A-11D0-8D11-00A0C91BC942}") = "Caleb13_BasicTypeCasting", "Caleb13_BasicTypeCasting\Caleb13_BasicTypeCasting.vcxproj", "{D906C2EB-CD1F-4316-A7D2-385E5C27224B}"
EndProject
Project("{8BC9CEB8-8B4A-11D0-8D11-00A0C91BC942}") = "Caleb14_Strings", "Caleb14_Strings\Caleb14_Strings.vcxproj", "{E881941F-FC64-4099-BBD1-4402228E4FDE}"
EndProject
Project("{8BC9CEB8-8B4A-11D0-8D11-00A0C91BC942}") = "Caleb15_Functions", "Caleb15_Functions\Caleb15_Functions.vcxproj", "{6B0B0779-0A4C-452D-B51F-844F8490041F}"
EndProject
Project("{8BC9CEB8-8B4A-11D0-8D11-00A0C91BC942}") = "Caleb21_Int_Float_Double_DataTypes", "Caleb21_Int_Float_Double_DataTypes\Caleb21_Int_Float_Double_DataTypes.vcxproj", "{E21C1817-8C66-4683-9991-9A668BFF51C2}"
EndProject
Project("{8BC9CEB8-8B4A-11D0-8D11-00A0C91BC942}") = "Caleb23_Float_Double_FormatCharacters", "Caleb23_Float_Double_FormatCharacters\Caleb23_Float_Double_FormatCharacters.vcxproj", "{40941468-B2E1-4F27-8BD1-3382E3F83209}"
EndProject
Project("{8BC9CEB8-8B4A-11D0-8D11-00A0C91BC942}") = "Caleb25_CharDataType", "Caleb25_CharDataType\Caleb25_CharDataType.vcxproj", "{6117F1BB-A140-494F-8CA6-B4E209A70668}"
EndProject
Project("{8BC9CEB8-8B4A-11D0-8D11-00A0C91BC942}") = "Caleb26_ASCIIandIntConversion", "Caleb26_ASCIIandIntConversion\Caleb26_ASCIIandIntConversion.vcxproj", "{B8246EB6-8872-40F1-A208-EBFE78D96CC9}"
EndProject
Global
	GlobalSection(SolutionConfigurationPlatforms) = preSolution
		Debug|x64 = Debug|x64
		Debug|x86 = Debug|x86
		Release|x64 = Release|x64
		Release|x86 = Release|x86
	EndGlobalSection
	GlobalSection(ProjectConfigurationPlatforms) = postSolution
		{AD38E486-B20F-4A0B-A904-F7B0EA9813A1}.Debug|x64.ActiveCfg = Debug|x64
		{AD38E486-B20F-4A0B-A904-F7B0EA9813A1}.Debug|x64.Build.0 = Debug|x64
		{AD38E486-B20F-4A0B-A904-F7B0EA9813A1}.Debug|x86.ActiveCfg = Debug|Win32
		{AD38E486-B20F-4A0B-A904-F7B0EA9813A1}.Debug|x86.Build.0 = Debug|Win32
		{AD38E486-B20F-4A0B-A904-F7B0EA9813A1}.Release|x64.ActiveCfg = Release|x64
		{AD38E486-B20F-4A0B-A904-F7B0EA9813A1}.Release|x64.Build.0 = Release|x64
		{AD38E486-B20F-4A0B-A904-F7B0EA9813A1}.Release|x86.ActiveCfg = Release|Win32
		{AD38E486-B20F-4A0B-A904-F7B0EA9813A1}.Release|x86.Build.0 = Release|Win32
		{48C32CFC-6F1D-4B22-A80C-6F98E6FD756F}.Debug|x64.ActiveCfg = Debug|x64
		{48C32CFC-6F1D-4B22-A80C-6F98E6FD756F}.Debug|x64.Build.0 = Debug|x64
		{48C32CFC-6F1D-4B22-A80C-6F98E6FD756F}.Debug|x86.ActiveCfg = Debug|Win32
		{48C32CFC-6F1D-4B22-A80C-6F98E6FD756F}.Debug|x86.Build.0 = Debug|Win32
		{48C32CFC-6F1D-4B22-A80C-6F98E6FD756F}.Release|x64.ActiveCfg = Release|x64
		{48C32CFC-6F1D-4B22-A80C-6F98E6FD756F}.Release|x64.Build.0 = Release|x64
		{48C32CFC-6F1D-4B22-A80C-6F98E6FD756F}.Release|x86.ActiveCfg = Release|Win32
		{48C32CFC-6F1D-4B22-A80C-6F98E6FD756F}.Release|x86.Build.0 = Release|Win32
		{1B2E6FD5-EDB1-4C75-A92B-E36E3DA74DF6}.Debug|x64.ActiveCfg = Debug|x64
		{1B2E6FD5-EDB1-4C75-A92B-E36E3DA74DF6}.Debug|x64.Build.0 = Debug|x64
		{1B2E6FD5-EDB1-4C75-A92B-E36E3DA74DF6}.Debug|x86.ActiveCfg = Debug|Win32
		{1B2E6FD5-EDB1-4C75-A92B-E36E3DA74DF6}.Debug|x86.Build.0 = Debug|Win32
		{1B2E6FD5-EDB1-4C75-A92B-E36E3DA74DF6}.Release|x64.ActiveCfg = Release|x64
		{1B2E6FD5-EDB1-4C75-A92B-E36E3DA74DF6}.Release|x64.Build.0 = Release|x64
		{1B2E6FD5-EDB1-4C75-A92B-E36E3DA74DF6}.Release|x86.ActiveCfg = Release|Win32
		{1B2E6FD5-EDB1-4C75-A92B-E36E3DA74DF6}.Release|x86.Build.0 = Release|Win32
		{504BA065-97CF-4660-A03B-776EC5C78D4F}.Debug|x64.ActiveCfg = Debug|x64
		{504BA065-97CF-4660-A03B-776EC5C78D4F}.Debug|x64.Build.0 = Debug|x64
		{504BA065-97CF-4660-A03B-776EC5C78D4F}.Debug|x86.ActiveCfg = Debug|Win32
		{504BA065-97CF-4660-A03B-776EC5C78D4F}.Debug|x86.Build.0 = Debug|Win32
		{504BA065-97CF-4660-A03B-776EC5C78D4F}.Release|x64.ActiveCfg = Release|x64
		{504BA065-97CF-4660-A03B-776EC5C78D4F}.Release|x64.Build.0 = Release|x64
		{504BA065-97CF-4660-A03B-776EC5C78D4F}.Release|x86.ActiveCfg = Release|Win32
		{504BA065-97CF-4660-A03B-776EC5C78D4F}.Release|x86.Build.0 = Release|Win32
		{42BF57F2-9323-4C46-AC07-5C2590751513}.Debug|x64.ActiveCfg = Debug|x64
		{42BF57F2-9323-4C46-AC07-5C2590751513}.Debug|x64.Build.0 = Debug|x64
		{42BF57F2-9323-4C46-AC07-5C2590751513}.Debug|x86.ActiveCfg = Debug|Win32
		{42BF57F2-9323-4C46-AC07-5C2590751513}.Debug|x86.Build.0 = Debug|Win32
		{42BF57F2-9323-4C46-AC07-5C2590751513}.Release|x64.ActiveCfg = Release|x64
		{42BF57F2-9323-4C46-AC07-5C2590751513}.Release|x64.Build.0 = Release|x64
		{42BF57F2-9323-4C46-AC07-5C2590751513}.Release|x86.ActiveCfg = Release|Win32
		{42BF57F2-9323-4C46-AC07-5C2590751513}.Release|x86.Build.0 = Release|Win32
		{D906C2EB-CD1F-4316-A7D2-385E5C27224B}.Debug|x64.ActiveCfg = Debug|x64
		{D906C2EB-CD1F-4316-A7D2-385E5C27224B}.Debug|x64.Build.0 = Debug|x64
		{D906C2EB-CD1F-4316-A7D2-385E5C27224B}.Debug|x86.ActiveCfg = Debug|Win32
		{D906C2EB-CD1F-4316-A7D2-385E5C27224B}.Debug|x86.Build.0 = Debug|Win32
		{D906C2EB-CD1F-4316-A7D2-385E5C27224B}.Release|x64.ActiveCfg = Release|x64
		{D906C2EB-CD1F-4316-A7D2-385E5C27224B}.Release|x64.Build.0 = Release|x64
		{D906C2EB-CD1F-4316-A7D2-385E5C27224B}.Release|x86.ActiveCfg = Release|Win32
		{D906C2EB-CD1F-4316-A7D2-385E5C27224B}.Release|x86.Build.0 = Release|Win32
		{E881941F-FC64-4099-BBD1-4402228E4FDE}.Debug|x64.ActiveCfg = Debug|x64
		{E881941F-FC64-4099-BBD1-4402228E4FDE}.Debug|x64.Build.0 = Debug|x64
		{E881941F-FC64-4099-BBD1-4402228E4FDE}.Debug|x86.ActiveCfg = Debug|Win32
		{E881941F-FC64-4099-BBD1-4402228E4FDE}.Debug|x86.Build.0 = Debug|Win32
		{E881941F-FC64-4099-BBD1-4402228E4FDE}.Release|x64.ActiveCfg = Release|x64
		{E881941F-FC64-4099-BBD1-4402228E4FDE}.Release|x64.Build.0 = Release|x64
		{E881941F-FC64-4099-BBD1-4402228E4FDE}.Release|x86.ActiveCfg = Release|Win32
		{E881941F-FC64-4099-BBD1-4402228E4FDE}.Release|x86.Build.0 = Release|Win32
		{6B0B0779-0A4C-452D-B51F-844F8490041F}.Debug|x64.ActiveCfg = Debug|x64
		{6B0B0779-0A4C-452D-B51F-844F8490041F}.Debug|x64.Build.0 = Debug|x64
		{6B0B0779-0A4C-452D-B51F-844F8490041F}.Debug|x86.ActiveCfg = Debug|Win32
		{6B0B0779-0A4C-452D-B51F-844F8490041F}.Debug|x86.Build.0 = Debug|Win32
		{6B0B0779-0A4C-452D-B51F-844F8490041F}.Release|x64.ActiveCfg = Release|x64
		{6B0B0779-0A4C-452D-B51F-844F8490041F}.Release|x64.Build.0 = Release|x64
		{6B0B0779-0A4C-452D-B51F-844F8490041F}.Release|x86.ActiveCfg = Release|Win32
		{6B0B0779-0A4C-452D-B51F-844F8490041F}.Release|x86.Build.0 = Release|Win32
		{E21C1817-8C66-4683-9991-9A668BFF51C2}.Debug|x64.ActiveCfg = Debug|x64
		{E21C1817-8C66-4683-9991-9A668BFF51C2}.Debug|x64.Build.0 = Debug|x64
		{E21C1817-8C66-4683-9991-9A668BFF51C2}.Debug|x86.ActiveCfg = Debug|Win32
		{E21C1817-8C66-4683-9991-9A668BFF51C2}.Debug|x86.Build.0 = Debug|Win32
		{E21C1817-8C66-4683-9991-9A668BFF51C2}.Release|x64.ActiveCfg = Release|x64
		{E21C1817-8C66-4683-9991-9A668BFF51C2}.Release|x64.Build.0 = Release|x64
		{E21C1817-8C66-4683-9991-9A668BFF51C2}.Release|x86.ActiveCfg = Release|Win32
		{E21C1817-8C66-4683-9991-9A668BFF51C2}.Release|x86.Build.0 = Release|Win32
		{40941468-B2E1-4F27-8BD1-3382E3F83209}.Debug|x64.ActiveCfg = Debug|x64
		{40941468-B2E1-4F27-8BD1-3382E3F83209}.Debug|x64.Build.0 = Debug|x64
		{40941468-B2E1-4F27-8BD1-3382E3F83209}.Debug|x86.ActiveCfg = Debug|Win32
		{40941468-B2E1-4F27-8BD1-3382E3F83209}.Debug|x86.Build.0 = Debug|Win32
		{40941468-B2E1-4F27-8BD1-3382E3F83209}.Release|x64.ActiveCfg = Release|x64
		{40941468-B2E1-4F27-8BD1-3382E3F83209}.Release|x64.Build.0 = Release|x64
		{40941468-B2E1-4F27-8BD1-3382E3F83209}.Release|x86.ActiveCfg = Release|Win32
		{40941468-B2E1-4F27-8BD1-3382E3F83209}.Release|x86.Build.0 = Release|Win32
		{6117F1BB-A140-494F-8CA6-B4E209A70668}.Debug|x64.ActiveCfg = Debug|x64
		{6117F1BB-A140-494F-8CA6-B4E209A70668}.Debug|x64.Build.0 = Debug|x64
		{6117F1BB-A140-494F-8CA6-B4E209A70668}.Debug|x86.ActiveCfg = Debug|Win32
		{6117F1BB-A140-494F-8CA6-B4E209A70668}.Debug|x86.Build.0 = Debug|Win32
		{6117F1BB-A140-494F-8CA6-B4E209A70668}.Release|x64.ActiveCfg = Release|x64
		{6117F1BB-A140-494F-8CA6-B4E209A70668}.Release|x64.Build.0 = Release|x64
		{6117F1BB-A140-494F-8CA6-B4E209A70668}.Release|x86.ActiveCfg = Release|Win32
		{6117F1BB-A140-494F-8CA6-B4E209A70668}.Release|x86.Build.0 = Release|Win32
		{B8246EB6-8872-40F1-A208-EBFE78D96CC9}.Debug|x64.ActiveCfg = Debug|x64
		{B8246EB6-8872-40F1-A208-EBFE78D96CC9}.Debug|x64.Build.0 = Debug|x64
		{B8246EB6-8872-40F1-A208-EBFE78D96CC9}.Debug|x86.ActiveCfg = Debug|Win32
		{B8246EB6-8872-40F1-A208-EBFE78D96CC9}.Debug|x86.Build.0 = Debug|Win32
		{B8246EB6-8872-40F1-A208-EBFE78D96CC9}.Release|x64.ActiveCfg = Release|x64
		{B8246EB6-8872-40F1-A208-EBFE78D96CC9}.Release|x64.Build.0 = Release|x64
		{B8246EB6-8872-40F1-A208-EBFE78D96CC9}.Release|x86.ActiveCfg = Release|Win32
		{B8246EB6-8872-40F1-A208-EBFE78D96CC9}.Release|x86.Build.0 = Release|Win32
	EndGlobalSection
	GlobalSection(SolutionProperties) = preSolution
		HideSolutionNode = FALSE
	EndGlobalSection
	GlobalSection(ExtensibilityGlobals) = postSolution
		SolutionGuid = {4CB0365C-F9EE-49B9-AD40-E2549F5C4AB5}
	EndGlobalSection
EndGlobal
